# This file is autogenerated, do not edit; changes may be undone by the next 'dep ensure'.


[[projects]]
  branch = "master"
  digest = "1:52cdb3b0f2c752ce194745830557e47e8bf5d68815e135c557bda9ba3512e232"
  name = "golang.org/x/tools"
  packages = [
    "container/intsets",
    "go/ast/astutil",
    "go/buildutil",
    "go/callgraph",
    "go/gcexportdata",
    "go/internal/cgo",
    "go/internal/gcimporter",
    "go/loader",
    "go/packages",
    "go/pointer",
    "go/ssa",
    "go/ssa/ssautil",
    "go/types/typeutil",
    "godoc",
    "godoc/analysis",
    "godoc/env",
    "godoc/util",
    "godoc/vfs",
    "godoc/vfs/httpfs",
  ]
  pruneopts = "UT"
  revision = "27709f6afec43b6c6d899bd199bf0f39c731216c"

[solve-meta]
  analyzer-name = "dep"
  analyzer-version = 1
  input-imports = [
    "golang.org/x/tools/godoc",
    "golang.org/x/tools/godoc/vfs",
  ]
  solver-name = "gps-cdcl"
  solver-version = 1
